{
  "projects": [
    {
      "projectId": "8giRsJGGGmpavnAny9qVy9",
      "version": "latest",
      "dependencies": {},
      "lang": "ts",
      "fileLocks": [
        {
          "type": "globalVariant",
          "assetId": "NlHiF2SOkWS8",
          "checksum": "49587a3df3ea4716588f67462e97b603"
        },
        {
          "assetId": "8giRsJGGGmpavnAny9qVy9",
          "type": "projectCss",
          "checksum": "add859a7c8836ae83a05ac330c9a33a7"
        },
        {
          "type": "renderModule",
          "assetId": "25zyJFx1m5fs",
          "checksum": "ad05faafd781185cd59ac1e3ad679a11"
        },
        {
          "type": "cssRules",
          "assetId": "25zyJFx1m5fs",
          "checksum": "ad05faafd781185cd59ac1e3ad679a11"
        },
        {
          "type": "icon",
          "assetId": "va1rXLo9JoOr",
          "checksum": "a046d6b24076cc06b5e8d9655677a7ba"
        },
        {
          "type": "icon",
          "assetId": "x5nfArkKPLKo",
          "checksum": "fbbe478626b63d89dda417ac4083f4aa"
        },
        {
          "type": "icon",
          "assetId": "waDNEf7UrQuM",
          "checksum": "c80fbd13d129f0d6b826beacd99973ac"
        },
        {
          "type": "icon",
          "assetId": "Hhl620MA0Vml",
          "checksum": "d2b563e207718ecefe30aae1b0bc2201"
        },
        {
          "type": "icon",
          "assetId": "y4tME-Gy36zD",
          "checksum": "9dac328f5ca37ab7b792c11d5d2e6611"
        },
        {
          "type": "icon",
          "assetId": "La_QvzBZ5gQe",
          "checksum": "c94e6363ddd7f41c46c2c9fe89cf2f59"
        },
        {
          "type": "icon",
          "assetId": "-8yPThrtKzAW",
          "checksum": "89faf0db7200dfcb551c7fc3bf7ea652"
        },
        {
          "type": "icon",
          "assetId": "N5o00XvbrlG0",
          "checksum": "ef63e6331aee687df9b0488b5d331c27"
        },
        {
          "type": "icon",
          "assetId": "Dz5lihorJRIs",
          "checksum": "4719e9d992802a58abaac3e9b79596ea"
        },
        {
          "type": "icon",
          "assetId": "KRISG2HFUUxh",
          "checksum": "c2363b385dfa37858788b2f38cd6903f"
        },
        {
          "type": "icon",
          "assetId": "X8-0MLT00OLX",
          "checksum": "c2fcba2899ddc639181ba985f95f5747"
        },
        {
          "type": "icon",
          "assetId": "dgrAV33295AX",
          "checksum": "7aaf040ca08a642ffe37d56c39c8283d"
        },
        {
          "type": "icon",
          "assetId": "-JHQ4toc1PJ0",
          "checksum": "bd904eded569c77032e1cd6ebd52ef22"
        },
        {
          "type": "icon",
          "assetId": "IgfeR5N6wka9",
          "checksum": "ec8729981369d9938ede503a5b172fc8"
        },
        {
          "type": "icon",
          "assetId": "zNzYCyb_M-yG",
          "checksum": "2306be1d70dd8400feed6492be41a943"
        },
        {
          "type": "icon",
          "assetId": "oKuX0YFBrsnb",
          "checksum": "b726e24a55878d7ee588f5d60cd2a6a7"
        },
        {
          "type": "icon",
          "assetId": "-vJUzdiTHwX2",
          "checksum": "d750e5a2dec7538741918fe6d327f06f"
        },
        {
          "type": "icon",
          "assetId": "wAetyriVgTMT",
          "checksum": "59cb08e45cb910c46f202cadbb9a499b"
        },
        {
          "type": "icon",
          "assetId": "rK_1XGc9VJcd",
          "checksum": "98ca6e48af24bfa443bb5b2faddcc1da"
        },
        {
          "type": "icon",
          "assetId": "CLsPI5I9Zvke",
          "checksum": "340117cae60fac53d1647e0998d2a15b"
        },
        {
          "type": "icon",
          "assetId": "If7eT7er7DE8",
          "checksum": "6b44fe7fde662534e457e543a5364037"
        },
        {
          "type": "icon",
          "assetId": "sZ_iSjn6LUu2",
          "checksum": "aeac7a914e31ac4376d8fc6d0b9e752e"
        },
        {
          "type": "icon",
          "assetId": "uiR2Bk68yNwe",
          "checksum": "c3994bce37612056657997580f620bf3"
        },
        {
          "type": "icon",
          "assetId": "D8Gk5G8T8KNR",
          "checksum": "7483311c3cfe3f426926883b8cfecef1"
        },
        {
          "type": "icon",
          "assetId": "mhITQiykPTt_",
          "checksum": "7161d09a58811e0a21152b54f6ec9e99"
        },
        {
          "type": "image",
          "assetId": "PBwaNo8eVEck",
          "checksum": "d7aaceaa665299d7fabd29e283482475"
        },
        {
          "type": "image",
          "assetId": "dO6jTkFgL1Dv",
          "checksum": "74884d755ec873f7be7252a21ad31cbb"
        },
        {
          "type": "image",
          "assetId": "F2cg-prp29-Z",
          "checksum": "65697867b4da50279512c901d5ee725a"
        },
        {
          "type": "image",
          "assetId": "8BoF3HdsCIRe",
          "checksum": "266e9bc57528a27e2b913933bd24a88b"
        },
        {
          "type": "image",
          "assetId": "FiB2ep84FvYU",
          "checksum": "adeff9e7e95add83526e075d55ba80ec"
        },
        {
          "type": "image",
          "assetId": "9A0kiYDskjm1",
          "checksum": "b778eb153c2b94702754e9b04a5aa79f"
        },
        {
          "type": "image",
          "assetId": "-fRRjlEWLDeT",
          "checksum": "aa1885dde333e7c3231b70a63661deb7"
        },
        {
          "type": "image",
          "assetId": "9A5yp9GdAUoj",
          "checksum": "790ef869a6601efb57cdd80e6ed47cce"
        },
        {
          "type": "image",
          "assetId": "KwOwQAq7-l5V",
          "checksum": "258549a7c6d5159c0006e02d8a898c86"
        },
        {
          "type": "image",
          "assetId": "dFNq3aVhwKyd",
          "checksum": "db5f3dcf21604bf74d032464e2bb95a6"
        },
        {
          "type": "image",
          "assetId": "t6TkIeRqcJdX",
          "checksum": "4996d92c1627abf0ffd2391213bc13d2"
        },
        {
          "type": "image",
          "assetId": "nIAJRSTeSfMa",
          "checksum": "61f179f272333585b1c08769062b8e4f"
        },
        {
          "type": "image",
          "assetId": "Me3VkmHz06rL",
          "checksum": "e5d111d12232ce2cd3de1e337c02e667"
        },
        {
          "type": "image",
          "assetId": "qmA_Wzxr3hgp",
          "checksum": "1944405b28f2923d20444055f959516c"
        },
        {
          "type": "image",
          "assetId": "SsaN22B_hKdK",
          "checksum": "8369795ef58850f3356af94bfd31c7c6"
        },
        {
          "type": "image",
          "assetId": "iQ1lMO12L3Qu",
          "checksum": "2ca520b7f1c94a0589644a65683cd842"
        },
        {
          "type": "image",
          "assetId": "urlJ9n65XLFt",
          "checksum": "78488589ef37f4d09d4b7c704072f295"
        },
        {
          "type": "image",
          "assetId": "3fjvBRsm0ojz",
          "checksum": "1a5adb678d7ef1b9888ee7cc01d81193"
        },
        {
          "type": "image",
          "assetId": "zK1fQol81XU2",
          "checksum": "9a66a9a2faff2b62183b95e39a072f53"
        },
        {
          "type": "image",
          "assetId": "UkBwnhdXtJ6u",
          "checksum": "afc8551b6f637965794881e2043049c8"
        },
        {
          "type": "image",
          "assetId": "b0NGlqhGQRiR",
          "checksum": "3b97224a982935f87c0eb70a35af9d2b"
        },
        {
          "type": "image",
          "assetId": "1HakLkjxHNcx",
          "checksum": "8c945b390040460c8a35595eed42b63c"
        },
        {
          "type": "image",
          "assetId": "M2tLwUgFUAjM",
          "checksum": "4975870e32150b6e3e48a83909efbee1"
        },
        {
          "type": "image",
          "assetId": "POmAMsKkOy-c",
          "checksum": "8908ae9948682f54e99bfe49d4aaedc7"
        },
        {
          "type": "image",
          "assetId": "wASt2NWbM5DT",
          "checksum": "1f672855653ef1ba423eb8f66a9c5dcc"
        },
        {
          "type": "image",
          "assetId": "05j7g1mnYw7c",
          "checksum": "4af7f73ef6f1a7861e6ee9b1ca3b332d"
        },
        {
          "type": "image",
          "assetId": "6SsMkFS-OJ0Q",
          "checksum": "299b97aa8ff24ab48dffc256d47dc78f"
        },
        {
          "type": "image",
          "assetId": "PqE1y62OEhP7",
          "checksum": "41acab440fc632c66f6859853921085f"
        },
        {
          "type": "image",
          "assetId": "BT9EspVqgIX8",
          "checksum": "969fc883514c92f0bb474ac00610b570"
        },
        {
          "type": "image",
          "assetId": "UDdAIizGzUt5",
          "checksum": "ab84416e8b7cc7785a108f90ea787dac"
        },
        {
          "type": "image",
          "assetId": "9uUU9Euka91g",
          "checksum": "4c054692ee3e6e06f9cecf79d17a0646"
        },
        {
          "type": "image",
          "assetId": "cJT8ptQp6Xli",
          "checksum": "2d3a53a26dd8ebc197b1190214c66b73"
        },
        {
          "type": "image",
          "assetId": "HTRjKXql6PrV",
          "checksum": "ee4a6aaed8997d791757165dccd2b0e5"
        },
        {
          "type": "image",
          "assetId": "TB94N2eBvqBA",
          "checksum": "da3b17b1214c818b55c5488b3ce1c977"
        },
        {
          "type": "image",
          "assetId": "pUdzOgMeHfE8",
          "checksum": "66d67e51294a1252acb6ccbb20a9ed4c"
        },
        {
          "type": "image",
          "assetId": "qCDUmyt2yvqC",
          "checksum": "8f063e374ba94d169a0742e52cefa823"
        },
        {
          "type": "image",
          "assetId": "MunXy3IM5vbW",
          "checksum": "fa8330582abbd656300e4382f1c8ebb2"
        },
        {
          "type": "image",
          "assetId": "UaL94IWgBnzD",
          "checksum": "6185fc9287051cc8edd1a32a72e3d472"
        },
        {
          "type": "image",
          "assetId": "Aa7JGbURL5gf",
          "checksum": "2321a25b24e4eadf6044f24736e5b466"
        },
        {
          "type": "image",
          "assetId": "kM1Ou5lykMYw",
          "checksum": "7a8d9e8d81013c4954a65a87c1155739"
        },
        {
          "type": "image",
          "assetId": "Piq-v0EMTCZO",
          "checksum": "5d82e8ea37efee64eb14c99e48fcb2cb"
        },
        {
          "type": "image",
          "assetId": "tulpDODg2KE9",
          "checksum": "91645333f31d676691bd31503b62b33c"
        },
        {
          "type": "image",
          "assetId": "55As4hhR4gn3",
          "checksum": "b41ba9e3ee1dbf63fb18e0a6078aa631"
        },
        {
          "type": "image",
          "assetId": "9__d5979V8xg",
          "checksum": "03001950ad997acadb9a38b2ba7bc3ff"
        },
        {
          "type": "image",
          "assetId": "-lJf01lfx8IP",
          "checksum": "91f84eb56a9ef4df00d5dd1c2c011833"
        },
        {
          "type": "image",
          "assetId": "PCY7fe6Csnam",
          "checksum": "0f387c7e8d9e50a80a4549c09520d545"
        },
        {
          "type": "image",
          "assetId": "ptCYA-phGBBC",
          "checksum": "1038d3acd0f34e1858265e994d9d24ad"
        },
        {
          "type": "image",
          "assetId": "DY8jOaWxqqs6",
          "checksum": "43b7cdff8afc643f5da03fc89da115e2"
        },
        {
          "type": "image",
          "assetId": "BCtPm-i2wEm4",
          "checksum": "bb5731e230a15f2c891bd20fba268525"
        },
        {
          "type": "image",
          "assetId": "4CdwLQd1DhX2",
          "checksum": "656c76200790c2c869ab0fe681e65c5f"
        },
        {
          "type": "image",
          "assetId": "QoW_dc5yqo0p",
          "checksum": "a5ae247849787631ce69c33f6e852d21"
        },
        {
          "type": "image",
          "assetId": "OeKCQH0sgXwh",
          "checksum": "bba0e383bdf7dfcd44044df5f5aebe6f"
        },
        {
          "type": "image",
          "assetId": "iHXd7kfoCY5K",
          "checksum": "e93d6dbf249e54c0f023040d6c9dce97"
        },
        {
          "type": "image",
          "assetId": "fLBApM0LhEpn",
          "checksum": "5311bcd980f1b5ac3ff06398d03dd150"
        },
        {
          "type": "image",
          "assetId": "1dC26-PpT_HL",
          "checksum": "64b08096f9a11930080243e148687c18"
        },
        {
          "type": "image",
          "assetId": "4ewul5co_8Cp",
          "checksum": "624f55681385d68aa9a11fc7006d74d0"
        },
        {
          "type": "image",
          "assetId": "vkmiwGCDaAcF",
          "checksum": "328d8b372469c1502fc288f539551b82"
        }
      ],
      "codegenVersion": "0.0.1"
    }
  ],
  "cliVersion": "0.1.340"
}
